
Microsoft Visual Studio Solution File, Format Version 12.00
# Visual Studio Version 16
VisualStudioVersion = 16.0.30225.117
MinimumVisualStudioVersion = 10.0.40219.1
Project("{FAE04EC0-301F-11D3-BF4B-00C04F79EFBC}") = "Lidocain", "Lidocain\Lidocain.csproj", "{E05AD942-C1AE-4737-AC0F-62AB13E71B2E}"
EndProject
Global
	GlobalSection(SolutionConfigurationPlatforms) = preSolution
		Debug|Any CPU = Debug|Any CPU
		Release|Any CPU = Release|Any CPU
	EndGlobalSection
	GlobalSection(ProjectConfigurationPlatforms) = postSolution
		{E05AD942-C1AE-4737-AC0F-62AB13E71B2E}.Debug|Any CPU.ActiveCfg = Debug|Any CPU
		{E05AD942-C1AE-4737-AC0F-62AB13E71B2E}.Debug|Any CPU.Build.0 = Debug|Any CPU
		{E05AD942-C1AE-4737-AC0F-62AB13E71B2E}.Release|Any CPU.ActiveCfg = Release|Any CPU
		{E05AD942-C1AE-4737-AC0F-62AB13E71B2E}.Release|Any CPU.Build.0 = Release|Any CPU
	EndGlobalSection
	GlobalSection(SolutionProperties) = preSolution
		HideSolutionNode = FALSE
	EndGlobalSection
	GlobalSection(ExtensibilityGlobals) = postSolution
		SolutionGuid = {A6565F14-0B24-4A99-A099-3D4ED5419813}
	EndGlobalSection
EndGlobal
